// !$*UTF8*$!
{
	archiveVersion = 1;
	classes = {
	};
	objectVersion = 50;
	objects = {

/* Begin PBXBuildFile section */
		33D291AC2396F8FE00F1087D /* main.c in Sources */ = {isa = PBXBuildFile; fileRef = 33D291AB2396F8FE00F1087D /* main.c */; };
		33D291B42396F90B00F1087D /* GLUT.framework in Frameworks */ = {isa = PBXBuildFile; fileRef = 33D291B32396F90B00F1087D /* GLUT.framework */; };
		33D291B62396F91200F1087D /* OpenGL.framework in Frameworks */ = {isa = PBXBuildFile; fileRef = 33D291B52396F91200F1087D /* OpenGL.framework */; };
		33FD9427239AC79E001B0D7A /* initShader.c in Sources */ = {isa = PBXBuildFile; fileRef = 33FD9423239AC79E001B0D7A /* initShader.c */; };
/* End PBXBuildFile section */

/* Begin PBXCopyFilesBuildPhase section */
		33D291A62396F8FE00F1087D /* CopyFiles */ = {
			isa = PBXCopyFilesBuildPhase;
			buildActionMask = 2147483647;
			dstPath = /usr/share/man/man1/;
			dstSubfolderSpec = 0;
			files = (
			);
			runOnlyForDeploymentPostprocessing = 1;
		};
/* End PBXCopyFilesBuildPhase section */

/* Begin PBXFileReference section */
		33D291A82396F8FE00F1087D /* Proj4 */ = {isa = PBXFileReference; explicitFileType = "compiled.mach-o.executable"; includeInIndex = 0; path = Proj4; sourceTree = BUILT_PRODUCTS_DIR; };
		33D291AB2396F8FE00F1087D /* main.c */ = {isa = PBXFileReference; lastKnownFileType = sourcecode.c.c; path = main.c; sourceTree = "<group>"; };
		33D291B32396F90B00F1087D /* GLUT.framework */ = {isa = PBXFileReference; lastKnownFileType = wrapper.framework; name = GLUT.framework; path = System/Library/Frameworks/GLUT.framework; sourceTree = SDKROOT; };
		33D291B52396F91200F1087D /* OpenGL.framework */ = {isa = PBXFileReference; lastKnownFileType = wrapper.framework; name = OpenGL.framework; path = System/Library/Frameworks/OpenGL.framework; sourceTree = SDKROOT; };
		33FD9423239AC79E001B0D7A /* initShader.c */ = {isa = PBXFileReference; fileEncoding = 4; lastKnownFileType = sourcecode.c.c; path = initShader.c; sourceTree = "<group>"; };
		33FD9424239AC79E001B0D7A /* initShader.h */ = {isa = PBXFileReference; fileEncoding = 4; lastKnownFileType = sourcecode.c.h; path = initShader.h; sourceTree = "<group>"; };
		33FD9425239AC79E001B0D7A /* fshader.glsl */ = {isa = PBXFileReference; fileEncoding = 4; lastKnownFileType = text; path = fshader.glsl; sourceTree = "<group>"; };
		33FD9426239AC79E001B0D7A /* vshader.glsl */ = {isa = PBXFileReference; fileEncoding = 4; lastKnownFileType = text; path = vshader.glsl; sourceTree = "<group>"; };
/* End PBXFileReference section */

/* Begin PBXFrameworksBuildPhase section */
		33D291A52396F8FE00F1087D /* Frameworks */ = {
			isa = PBXFrameworksBuildPhase;
			buildActionMask = 2147483647;
			files = (
				33D291B42396F90B00F1087D /* GLUT.framework in Frameworks */,
				33D291B62396F91200F1087D /* OpenGL.framework in Frameworks */,
			);
			runOnlyForDeploymentPostprocessing = 0;
		};
/* End PBXFrameworksBuildPhase section */

/* Begin PBXGroup section */
		33D2919F2396F8FD00F1087D = {
			isa = PBXGroup;
			children = (
				33D291AA2396F8FE00F1087D /* Proj4 */,
				33D291A92396F8FE00F1087D /* Products */,
				33D291B22396F90B00F1087D /* Frameworks */,
			);
			sourceTree = "<group>";
		};
		33D291A92396F8FE00F1087D /* Products */ = {
			isa = PBXGroup;
			children = (
				33D291A82396F8FE00F1087D /* Proj4 */,
			);
			name = Products;
			sourceTree = "<group>";
		};
		33D291AA2396F8FE00F1087D /* Proj4 */ = {
			isa = PBXGroup;
			children = (
				33D291AB2396F8FE00F1087D /* main.c */,
				33FD9425239AC79E001B0D7A /* fshader.glsl */,
				33FD9423239AC79E001B0D7A /* initShader.c */,
				33FD9424239AC79E001B0D7A /* initShader.h */,
				33FD9426239AC79E001B0D7A /* vshader.glsl */,
			);
			path = Proj4;
			sourceTree = "<group>";
		};
		33D291B22396F90B00F1087D /* Frameworks */ = {
			isa = PBXGroup;
			children = (
				33D291B52396F91200F1087D /* OpenGL.framework */,
				33D291B32396F90B00F1087D /* GLUT.framework */,
			);
			name = Frameworks;
			sourceTree = "<group>";
		};
/* End PBXGroup section */

/* Begin PBXNativeTarget section */
		33D291A72396F8FE00F1087D /* Proj4 */ = {
			isa = PBXNativeTarget;
			buildConfigurationList = 33D291AF2396F8FE00F1087D /* Build configuration list for PBXNativeTarget "Proj4" */;
			buildPhases = (
				33D291A42396F8FE00F1087D /* Sources */,
				33D291A52396F8FE00F1087D /* Frameworks */,
				33D291A62396F8FE00F1087D /* CopyFiles */,
			);
			buildRules = (
			);
			dependencies = (
			);
			name = Proj4;
			productName = Proj4;
			productReference = 33D291A82396F8FE00F1087D /* Proj4 */;
			productType = "com.apple.product-type.tool";
		};
/* End PBXNativeTarget section */

/* Begin PBXProject section */
		33D291A02396F8FD00F1087D /* Project object */ = {
			isa = PBXProject;
			attributes = {
				LastUpgradeCheck = 1110;
				ORGANIZATIONNAME = "Yilun Liang";
				TargetAttributes = {
					33D291A72396F8FE00F1087D = {
						CreatedOnToolsVersion = 11.1;
					};
				};
			};
			buildConfigurationList = 33D291A32396F8FD00F1087D /* Build configuration list for PBXProject "Proj4" */;
			compatibilityVersion = "Xcode 9.3";
			developmentRegion = en;
			hasScannedForEncodings = 0;
			knownRegions = (
				en,
				Base,
			);
			mainGroup = 33D2919F2396F8FD00F1087D;
			productRefGroup = 33D291A92396F8FE00F1087D /* Products */;
			projectDirPath = "";
			projectRoot = "";
			targets = (
				33D291A72396F8FE00F1087D /* Proj4 */,
			);
		};
/* End PBXProject section */

/* Begin PBXSourcesBuildPhase section */
		33D291A42396F8FE00F1087D /* Sources */ = {
			isa = PBXSourcesBuildPhase;
			buildActionMask = 2147483647;
			files = (
				33FD9427239AC79E001B0D7A /* initShader.c in Sources */,
				33D291AC2396F8FE00F1087D /* main.c in Sources */,
			);
			runOnlyForDeploymentPostprocessing = 0;
		};
/* End PBXSourcesBuildPhase section */

/* Begin XCBuildConfiguration section */
		33D291AD2396F8FE00F1087D /* Debug */ = {
			isa = XCBuildConfiguration;
			buildSettings = {
				ALWAYS_SEARCH_USER_PATHS = NO;
				CLANG_ANALYZER_NONNULL = YES;
				CLANG_ANALYZER_NUMBER_OBJECT_CONVERSION = YES_AGGRESSIVE;
				CLANG_CXX_LANGUAGE_STANDARD = "gnu++14";
				CLANG_CXX_LIBRARY = "libc++";
				CLANG_ENABLE_MODULES = YES;
				CLANG_ENABLE_OBJC_ARC = YES;
				CLANG_ENABLE_OBJC_WEAK = YES;
				CLANG_WARN_BLOCK_CAPTURE_AUTORELEASING = YES;
				CLANG_WARN_BOOL_CONVERSION = YES;
				CLANG_WARN_COMMA = YES;
				CLANG_WARN_CONSTANT_CONVERSION = YES;
				CLANG_WARN_DEPRECATED_OBJC_IMPLEMENTATIONS = YES;
				CLANG_WARN_DIRECT_OBJC_ISA_USAGE = YES_ERROR;
				CLANG_WARN_DOCUMENTATION_COMMENTS = YES;
				CLANG_WARN_EMPTY_BODY = YES;
				CLANG_WARN_ENUM_CONVERSION = YES;
				CLANG_WARN_INFINITE_RECURSION = YES;
				CLANG_WARN_INT_CONVERSION = YES;
				CLANG_WARN_NON_LITERAL_NULL_CONVERSION = YES;
				CLANG_WARN_OBJC_IMPLICIT_RETAIN_SELF = YES;
				CLANG_WARN_OBJC_LITERAL_CONVERSION = YES;
				CLANG_WARN_OBJC_ROOT_CLASS = YES_ERROR;
				CLANG_WARN_RANGE_LOOP_ANALYSIS = YES;
				CLANG_WARN_STRICT_PROTOTYPES = YES;
				CLANG_WARN_SUSPICIOUS_MOVE = YES;
				CLANG_WARN_UNGUARDED_AVAILABILITY = YES_AGGRESSIVE;
				CLANG_WARN_UNREACHABLE_CODE = YES;
				CLANG_WARN__DUPLICATE_METHOD_MATCH = YES;
				COPY_PHASE_STRIP = NO;
				DEBUG_INFORMATION_FORMAT = dwarf;
				ENABLE_STRICT_OBJC_MSGSEND = YES;
				ENABLE_TESTABILITY = YES;
				GCC_C_LANGUAGE_STANDARD = gnu11;
				GCC_DYNAMIC_NO_PIC = NO;
				GCC_NO_COMMON_BLOCKS = YES;
				GCC_OPTIMIZATION_LEVEL = 0;
				GCC_PREPROCESSOR_DEFINITIONS = (
					"DEBUG=1",
					"$(inherited)",
				);
				GCC_WARN_64_TO_32_BIT_CONVERSION = YES;
				GCC_WARN_ABOUT_RETURN_TYPE = YES_ERROR;
				GCC_WARN_UNDECLARED_SELECTOR = YES;
				GCC_WARN_UNINITIALIZED_AUTOS = YES_AGGRESSIVE;
				GCC_WARN_UNUSED_FUNCTION = YES;
				GCC_WARN_UNUSED_VARIABLE = YES;
				MACOSX_DEPLOYMENT_TARGET = 10.15;
				MTL_ENABLE_DEBUG_INFO = INCLUDE_SOURCE;
				MTL_FAST_MATH = YES;
				ONLY_ACTIVE_ARCH = YES;
				SDKROOT = macosx;
			};
			name = Debug;
		};
		33D291AE2396F8FE00F1087D /* Release */ = {
			isa = XCBuildConfiguration;
			buildSettings = {
				ALWAYS_SEARCH_USER_PATHS = NO;
				CLANG_ANALYZER_NONNULL = YES;
				CLANG_ANALYZER_NUMBER_OBJECT_CONVERSION = YES_AGGRESSIVE;
				CLANG_CXX_LANGUAGE_STANDARD = "gnu++14";
				CLANG_CXX_LIBRARY = "libc++";
				CLANG_ENABLE_MODULES = YES;
				CLANG_ENABLE_OBJC_ARC = YES;
				CLANG_ENABLE_OBJC_WEAK = YES;
				CLANG_WARN_BLOCK_CAPTURE_AUTORELEASING = YES;
				CLANG_WARN_BOOL_CONVERSION = YES;
				CLANG_WARN_COMMA = YES;
				CLANG_WARN_CONSTANT_CONVERSION = YES;
				CLANG_WARN_DEPRECATED_OBJC_IMPLEMENTATIONS = YES;
				CLANG_WARN_DIRECT_OBJC_ISA_USAGE = YES_ERROR;
				CLANG_WARN_DOCUMENTATION_COMMENTS = YES;
				CLANG_WARN_EMPTY_BODY = YES;
				CLANG_WARN_ENUM_CONVERSION = YES;
				CLANG_WARN_INFINITE_RECURSION = YES;
				CLANG_WARN_INT_CONVERSION = YES;
				CLANG_WARN_NON_LITERAL_NULL_CONVERSION = YES;
				CLANG_WARN_OBJC_IMPLICIT_RETAIN_SELF = YES;
				CLANG_WARN_OBJC_LITERAL_CONVERSION = YES;
				CLANG_WARN_OBJC_ROOT_CLASS = YES_ERROR;
				CLANG_WARN_RANGE_LOOP_ANALYSIS = YES;
				CLANG_WARN_STRICT_PROTOTYPES = YES;
				CLANG_WARN_SUSPICIOUS_MOVE = YES;
				CLANG_WARN_UNGUARDED_AVAILABILITY = YES_AGGRESSIVE;
				CLANG_WARN_UNREACHABLE_CODE = YES;
				CLANG_WARN__DUPLICATE_METHOD_MATCH = YES;
				COPY_PHASE_STRIP = NO;
				DEBUG_INFORMATION_FORMAT = "dwarf-with-dsym";
				ENABLE_NS_ASSERTIONS = NO;
				ENABLE_STRICT_OBJC_MSGSEND = YES;
				GCC_C_LANGUAGE_STANDARD = gnu11;
				GCC_NO_COMMON_BLOCKS = YES;
				GCC_WARN_64_TO_32_BIT_CONVERSION = YES;
				GCC_WARN_ABOUT_RETURN_TYPE = YES_ERROR;
				GCC_WARN_UNDECLARED_SELECTOR = YES;
				GCC_WARN_UNINITIALIZED_AUTOS = YES_AGGRESSIVE;
				GCC_WARN_UNUSED_FUNCTION = YES;
				GCC_WARN_UNUSED_VARIABLE = YES;
				MACOSX_DEPLOYMENT_TARGET = 10.15;
				MTL_ENABLE_DEBUG_INFO = NO;
				MTL_FAST_MATH = YES;
				SDKROOT = macosx;
			};
			name = Release;
		};
		33D291B02396F8FE00F1087D /* Debug */ = {
			isa = XCBuildConfiguration;
			buildSettings = {
				CODE_SIGN_STYLE = Automatic;
				PRODUCT_NAME = "$(TARGET_NAME)";
			};
			name = Debug;
		};
		33D291B12396F8FE00F1087D /* Release */ = {
			isa = XCBuildConfiguration;
			buildSettings = {
				CODE_SIGN_STYLE = Automatic;
				PRODUCT_NAME = "$(TARGET_NAME)";
			};
			name = Release;
		};
/* End XCBuildConfiguration section */

/* Begin XCConfigurationList section */
		33D291A32396F8FD00F1087D /* Build configuration list for PBXProject "Proj4" */ = {
			isa = XCConfigurationList;
			buildConfigurations = (
				33D291AD2396F8FE00F1087D /* Debug */,
				33D291AE2396F8FE00F1087D /* Release */,
			);
			defaultConfigurationIsVisible = 0;
			defaultConfigurationName = Release;
		};
		33D291AF2396F8FE00F1087D /* Build configuration list for PBXNativeTarget "Proj4" */ = {
			isa = XCConfigurationList;
			buildConfigurations = (
				33D291B02396F8FE00F1087D /* Debug */,
				33D291B12396F8FE00F1087D /* Release */,
			);
			defaultConfigurationIsVisible = 0;
			defaultConfigurationName = Release;
		};
/* End XCConfigurationList section */
	};
	rootObject = 33D291A02396F8FD00F1087D /* Project object */;
}
